
Microsoft Visual Studio Solution File, Format Version 12.00
# Visual Studio Version 17
VisualStudioVersion = 17.14.37027.9 d17.14
MinimumVisualStudioVersion = 10.0.40219.1
Project("{FAE04EC0-301F-11D3-BF4B-00C04F79EFBC}") = "FileSearch", "FileSearch.csproj", "{FC3B10AF-28A7-4CC7-AE46-2A6789D7128E}"
EndProject
Global
	GlobalSection(SolutionConfigurationPlatforms) = preSolution
		Debug|Any CPU = Debug|Any CPU
		Release|Any CPU = Release|Any CPU
	EndGlobalSection
	GlobalSection(ProjectConfigurationPlatforms) = postSolution
		{FC3B10AF-28A7-4CC7-AE46-2A6789D7128E}.Debug|Any CPU.ActiveCfg = Debug|Any CPU
		{FC3B10AF-28A7-4CC7-AE46-2A6789D7128E}.Debug|Any CPU.Build.0 = Debug|Any CPU
		{FC3B10AF-28A7-4CC7-AE46-2A6789D7128E}.Release|Any CPU.ActiveCfg = Release|Any CPU
		{FC3B10AF-28A7-4CC7-AE46-2A6789D7128E}.Release|Any CPU.Build.0 = Release|Any CPU
	EndGlobalSection
	GlobalSection(SolutionProperties) = preSolution
		HideSolutionNode = FALSE
	EndGlobalSection
	GlobalSection(ExtensibilityGlobals) = postSolution
		SolutionGuid = {56707B04-BA1A-4967-8892-C2A6602EC4BB}
	EndGlobalSection
EndGlobal
